
Microsoft Visual Studio Solution File, Format Version 12.00
# Visual Studio Version 16
VisualStudioVersion = 16.0.32126.315
MinimumVisualStudioVersion = 10.0.40219.1
Project("{FAE04EC0-301F-11D3-BF4B-00C04F79EFBC}") = "Entities", "Entities\Entities.csproj", "{5ACA891A-D47D-4DC9-A90A-D77D84A4613B}"
EndProject
Project("{FAE04EC0-301F-11D3-BF4B-00C04F79EFBC}") = "Data Access", "Data Access\Data Access.csproj", "{E8288C3F-A062-446A-9025-E1B4149B7B0A}"
EndProject
Project("{FAE04EC0-301F-11D3-BF4B-00C04F79EFBC}") = "Bussiness", "Bussiness\Bussiness.csproj", "{1350443C-4446-4384-8288-3500CEAE34F9}"
EndProject
Project("{FAE04EC0-301F-11D3-BF4B-00C04F79EFBC}") = "ConsoleUI", "ConsoleUI\ConsoleUI.csproj", "{33865481-C20C-4B5B-9878-20F7F81912E8}"
EndProject
Global
	GlobalSection(SolutionConfigurationPlatforms) = preSolution
		Debug|Any CPU = Debug|Any CPU
		Release|Any CPU = Release|Any CPU
	EndGlobalSection
	GlobalSection(ProjectConfigurationPlatforms) = postSolution
		{5ACA891A-D47D-4DC9-A90A-D77D84A4613B}.Debug|Any CPU.ActiveCfg = Debug|Any CPU
		{5ACA891A-D47D-4DC9-A90A-D77D84A4613B}.Debug|Any CPU.Build.0 = Debug|Any CPU
		{5ACA891A-D47D-4DC9-A90A-D77D84A4613B}.Release|Any CPU.ActiveCfg = Release|Any CPU
		{5ACA891A-D47D-4DC9-A90A-D77D84A4613B}.Release|Any CPU.Build.0 = Release|Any CPU
		{E8288C3F-A062-446A-9025-E1B4149B7B0A}.Debug|Any CPU.ActiveCfg = Debug|Any CPU
		{E8288C3F-A062-446A-9025-E1B4149B7B0A}.Debug|Any CPU.Build.0 = Debug|Any CPU
		{E8288C3F-A062-446A-9025-E1B4149B7B0A}.Release|Any CPU.ActiveCfg = Release|Any CPU
		{E8288C3F-A062-446A-9025-E1B4149B7B0A}.Release|Any CPU.Build.0 = Release|Any CPU
		{1350443C-4446-4384-8288-3500CEAE34F9}.Debug|Any CPU.ActiveCfg = Debug|Any CPU
		{1350443C-4446-4384-8288-3500CEAE34F9}.Debug|Any CPU.Build.0 = Debug|Any CPU
		{1350443C-4446-4384-8288-3500CEAE34F9}.Release|Any CPU.ActiveCfg = Release|Any CPU
		{1350443C-4446-4384-8288-3500CEAE34F9}.Release|Any CPU.Build.0 = Release|Any CPU
		{33865481-C20C-4B5B-9878-20F7F81912E8}.Debug|Any CPU.ActiveCfg = Debug|Any CPU
		{33865481-C20C-4B5B-9878-20F7F81912E8}.Debug|Any CPU.Build.0 = Debug|Any CPU
		{33865481-C20C-4B5B-9878-20F7F81912E8}.Release|Any CPU.ActiveCfg = Release|Any CPU
		{33865481-C20C-4B5B-9878-20F7F81912E8}.Release|Any CPU.Build.0 = Release|Any CPU
	EndGlobalSection
	GlobalSection(SolutionProperties) = preSolution
		HideSolutionNode = FALSE
	EndGlobalSection
	GlobalSection(ExtensibilityGlobals) = postSolution
		SolutionGuid = {14E0D883-827F-450C-A28A-246A31FA378C}
	EndGlobalSection
EndGlobal
